# This file is automatically @generated by Cargo.
# It is not intended for manual editing.
version = 4

[[package]]
name = "andora-boot-protocol"
version = "0.1.0"

[[package]]
name = "andora-bootloader"
version = "0.1.0"
dependencies = [
 "andora-boot-protocol",
]

[[package]]
name = "andora-kernel"
version = "0.1.0"
dependencies = [
 "andora-boot-protocol",
]
